
Microsoft Visual Studio Solution File, Format Version 12.00
# Visual Studio 2013
VisualStudioVersion = 12.0.40629.0
MinimumVisualStudioVersion = 10.0.40219.1
Project("{FAE04EC0-301F-11D3-BF4B-00C04F79EFBC}") = "Cuestionario.DataAccesComponent", "Cuestionario.DataAccesComponent\Cuestionario.DataAccesComponent.csproj", "{E5B3A94A-BC09-403E-81AC-80389CB5293C}"
EndProject
Project("{FAE04EC0-301F-11D3-BF4B-00C04F79EFBC}") = "Cuestionario.BusinessRuleComponent", "Cuestionario.BusinessRuleComponent\Cuestionario.BusinessRuleComponent.csproj", "{E9623DAA-BF56-4145-8254-B75B1A9BA62E}"
EndProject
Project("{FAE04EC0-301F-11D3-BF4B-00C04F79EFBC}") = "CuestionarioWebApp", "CuestionarioWebApp\CuestionarioWebApp.csproj", "{D441D136-AB81-4FFA-9003-D5873EFC67C2}"
EndProject
Global
	GlobalSection(SolutionConfigurationPlatforms) = preSolution
		Debug|Any CPU = Debug|Any CPU
		Release|Any CPU = Release|Any CPU
	EndGlobalSection
	GlobalSection(ProjectConfigurationPlatforms) = postSolution
		{E5B3A94A-BC09-403E-81AC-80389CB5293C}.Debug|Any CPU.ActiveCfg = Debug|Any CPU
		{E5B3A94A-BC09-403E-81AC-80389CB5293C}.Debug|Any CPU.Build.0 = Debug|Any CPU
		{E5B3A94A-BC09-403E-81AC-80389CB5293C}.Release|Any CPU.ActiveCfg = Release|Any CPU
		{E5B3A94A-BC09-403E-81AC-80389CB5293C}.Release|Any CPU.Build.0 = Release|Any CPU
		{E9623DAA-BF56-4145-8254-B75B1A9BA62E}.Debug|Any CPU.ActiveCfg = Debug|Any CPU
		{E9623DAA-BF56-4145-8254-B75B1A9BA62E}.Debug|Any CPU.Build.0 = Debug|Any CPU
		{E9623DAA-BF56-4145-8254-B75B1A9BA62E}.Release|Any CPU.ActiveCfg = Release|Any CPU
		{E9623DAA-BF56-4145-8254-B75B1A9BA62E}.Release|Any CPU.Build.0 = Release|Any CPU
		{D441D136-AB81-4FFA-9003-D5873EFC67C2}.Debug|Any CPU.ActiveCfg = Debug|Any CPU
		{D441D136-AB81-4FFA-9003-D5873EFC67C2}.Debug|Any CPU.Build.0 = Debug|Any CPU
		{D441D136-AB81-4FFA-9003-D5873EFC67C2}.Release|Any CPU.ActiveCfg = Release|Any CPU
		{D441D136-AB81-4FFA-9003-D5873EFC67C2}.Release|Any CPU.Build.0 = Release|Any CPU
	EndGlobalSection
	GlobalSection(SolutionProperties) = preSolution
		HideSolutionNode = FALSE
	EndGlobalSection
EndGlobal
